// !$*UTF8*$!
{
	archiveVersion = 1;
	classes = {
	};
	objectVersion = 50;
	objects = {

/* Begin PBXBuildFile section */
		3E04825722FC9B9500E238A0 /* ViewController.swift in Sources */ = {isa = PBXBuildFile; fileRef = 3E04825622FC9B9500E238A0 /* ViewController.swift */; };
		3ED44C2422F6DE0100E1A98C /* AppDelegate.swift in Sources */ = {isa = PBXBuildFile; fileRef = 3ED44C2322F6DE0100E1A98C /* AppDelegate.swift */; };
		3ED44C2922F6DE0100E1A98C /* Main.storyboard in Resources */ = {isa = PBXBuildFile; fileRef = 3ED44C2722F6DE0100E1A98C /* Main.storyboard */; };
		3ED44C2B22F6DE0200E1A98C /* Assets.xcassets in Resources */ = {isa = PBXBuildFile; fileRef = 3ED44C2A22F6DE0200E1A98C /* Assets.xcassets */; };
		3ED44C2E22F6DE0200E1A98C /* LaunchScreen.storyboard in Resources */ = {isa = PBXBuildFile; fileRef = 3ED44C2C22F6DE0200E1A98C /* LaunchScreen.storyboard */; };
		3ED44C3922F6DE0200E1A98C /* UITestTapAButton.swift in Sources */ = {isa = PBXBuildFile; fileRef = 3ED44C3822F6DE0200E1A98C /* UITestTapAButton.swift */; };
		3ED44C4422F6E89200E1A98C /* ButtonCollectionViewController.swift in Sources */ = {isa = PBXBuildFile; fileRef = 3ED44C4322F6E89200E1A98C /* ButtonCollectionViewController.swift */; };
		3EF5AFDE22FDC4F200B90954 /* CategoryViewController.swift in Sources */ = {isa = PBXBuildFile; fileRef = 3EF5AFDD22FDC4F200B90954 /* CategoryViewController.swift */; };
		3EF5AFE422FDDD8000B90954 /* Button.storyboard in Resources */ = {isa = PBXBuildFile; fileRef = 3EF5AFE222FDDD8000B90954 /* Button.storyboard */; };
		3EF5AFE622FDE70700B90954 /* NewButtonViewController.swift in Sources */ = {isa = PBXBuildFile; fileRef = 3EF5AFE522FDE70700B90954 /* NewButtonViewController.swift */; };
		3EF5AFEA22FDEE5600B90954 /* FirstTestViewController.swift in Sources */ = {isa = PBXBuildFile; fileRef = 3EF5AFE922FDEE5600B90954 /* FirstTestViewController.swift */; };
		3EF5AFEC22FDF69700B90954 /* SecondTestViewController.swift in Sources */ = {isa = PBXBuildFile; fileRef = 3EF5AFEB22FDF69700B90954 /* SecondTestViewController.swift */; };
		3EF5AFEE22FE059900B90954 /* ThirdTestViewController.swift in Sources */ = {isa = PBXBuildFile; fileRef = 3EF5AFED22FE059900B90954 /* ThirdTestViewController.swift */; };
		3EF5AFF022FE362600B90954 /* FourTestViewController.swift in Sources */ = {isa = PBXBuildFile; fileRef = 3EF5AFEF22FE362600B90954 /* FourTestViewController.swift */; };
		3EF5AFF222FE3C0100B90954 /* FiveTestViewController.swift in Sources */ = {isa = PBXBuildFile; fileRef = 3EF5AFF122FE3C0000B90954 /* FiveTestViewController.swift */; };
		3EF5AFF422FE9DBE00B90954 /* SixTestViewController.swift in Sources */ = {isa = PBXBuildFile; fileRef = 3EF5AFF322FE9DBE00B90954 /* SixTestViewController.swift */; };
/* End PBXBuildFile section */

/* Begin PBXContainerItemProxy section */
		3ED44C3522F6DE0200E1A98C /* PBXContainerItemProxy */ = {
			isa = PBXContainerItemProxy;
			containerPortal = 3ED44C1822F6DE0100E1A98C /* Project object */;
			proxyType = 1;
			remoteGlobalIDString = 3ED44C1F22F6DE0100E1A98C;
			remoteInfo = UITestCollection;
		};
/* End PBXContainerItemProxy section */

/* Begin PBXFileReference section */
		3E04825622FC9B9500E238A0 /* ViewController.swift */ = {isa = PBXFileReference; lastKnownFileType = sourcecode.swift; path = ViewController.swift; sourceTree = "<group>"; };
		3ED44C2022F6DE0100E1A98C /* UITestCollection.app */ = {isa = PBXFileReference; explicitFileType = wrapper.application; includeInIndex = 0; path = UITestCollection.app; sourceTree = BUILT_PRODUCTS_DIR; };
		3ED44C2322F6DE0100E1A98C /* AppDelegate.swift */ = {isa = PBXFileReference; lastKnownFileType = sourcecode.swift; path = AppDelegate.swift; sourceTree = "<group>"; };
		3ED44C2822F6DE0100E1A98C /* Base */ = {isa = PBXFileReference; lastKnownFileType = file.storyboard; name = Base; path = Base.lproj/Main.storyboard; sourceTree = "<group>"; };
		3ED44C2A22F6DE0200E1A98C /* Assets.xcassets */ = {isa = PBXFileReference; lastKnownFileType = folder.assetcatalog; path = Assets.xcassets; sourceTree = "<group>"; };
		3ED44C2D22F6DE0200E1A98C /* Base */ = {isa = PBXFileReference; lastKnownFileType = file.storyboard; name = Base; path = Base.lproj/LaunchScreen.storyboard; sourceTree = "<group>"; };
		3ED44C2F22F6DE0200E1A98C /* Info.plist */ = {isa = PBXFileReference; lastKnownFileType = text.plist.xml; path = Info.plist; sourceTree = "<group>"; };
		3ED44C3422F6DE0200E1A98C /* UITestCollectionUITests.xctest */ = {isa = PBXFileReference; explicitFileType = wrapper.cfbundle; includeInIndex = 0; path = UITestCollectionUITests.xctest; sourceTree = BUILT_PRODUCTS_DIR; };
		3ED44C3822F6DE0200E1A98C /* UITestTapAButton.swift */ = {isa = PBXFileReference; lastKnownFileType = sourcecode.swift; path = UITestTapAButton.swift; sourceTree = "<group>"; };
		3ED44C3A22F6DE0200E1A98C /* Info.plist */ = {isa = PBXFileReference; lastKnownFileType = text.plist.xml; path = Info.plist; sourceTree = "<group>"; };
		3ED44C4322F6E89200E1A98C /* ButtonCollectionViewController.swift */ = {isa = PBXFileReference; lastKnownFileType = sourcecode.swift; path = ButtonCollectionViewController.swift; sourceTree = "<group>"; };
		3EF5AFDD22FDC4F200B90954 /* CategoryViewController.swift */ = {isa = PBXFileReference; lastKnownFileType = sourcecode.swift; path = CategoryViewController.swift; sourceTree = "<group>"; };
		3EF5AFE322FDDD8000B90954 /* Base */ = {isa = PBXFileReference; lastKnownFileType = file.storyboard; name = Base; path = UITestCollection/Flow/Base.lproj/Button.storyboard; sourceTree = "<group>"; };
		3EF5AFE522FDE70700B90954 /* NewButtonViewController.swift */ = {isa = PBXFileReference; lastKnownFileType = sourcecode.swift; path = NewButtonViewController.swift; sourceTree = "<group>"; };
		3EF5AFE922FDEE5600B90954 /* FirstTestViewController.swift */ = {isa = PBXFileReference; lastKnownFileType = sourcecode.swift; path = FirstTestViewController.swift; sourceTree = "<group>"; };
		3EF5AFEB22FDF69700B90954 /* SecondTestViewController.swift */ = {isa = PBXFileReference; lastKnownFileType = sourcecode.swift; path = SecondTestViewController.swift; sourceTree = "<group>"; };
		3EF5AFED22FE059900B90954 /* ThirdTestViewController.swift */ = {isa = PBXFileReference; lastKnownFileType = sourcecode.swift; path = ThirdTestViewController.swift; sourceTree = "<group>"; };
		3EF5AFEF22FE362600B90954 /* FourTestViewController.swift */ = {isa = PBXFileReference; lastKnownFileType = sourcecode.swift; path = FourTestViewController.swift; sourceTree = "<group>"; };
		3EF5AFF122FE3C0000B90954 /* FiveTestViewController.swift */ = {isa = PBXFileReference; lastKnownFileType = sourcecode.swift; path = FiveTestViewController.swift; sourceTree = "<group>"; };
		3EF5AFF322FE9DBE00B90954 /* SixTestViewController.swift */ = {isa = PBXFileReference; lastKnownFileType = sourcecode.swift; path = SixTestViewController.swift; sourceTree = "<group>"; };
/* End PBXFileReference section */

/* Begin PBXFrameworksBuildPhase section */
		3ED44C1D22F6DE0100E1A98C /* Frameworks */ = {
			isa = PBXFrameworksBuildPhase;
			buildActionMask = 2147483647;
			files = (
			);
			runOnlyForDeploymentPostprocessing = 0;
		};
		3ED44C3122F6DE0200E1A98C /* Frameworks */ = {
			isa = PBXFrameworksBuildPhase;
			buildActionMask = 2147483647;
			files = (
			);
			runOnlyForDeploymentPostprocessing = 0;
		};
/* End PBXFrameworksBuildPhase section */

/* Begin PBXGroup section */
		3ED44C1722F6DE0100E1A98C = {
			isa = PBXGroup;
			children = (
				3ED44C2222F6DE0100E1A98C /* UITestCollection */,
				3ED44C3722F6DE0200E1A98C /* UITestCollectionUITests */,
				3ED44C2122F6DE0100E1A98C /* Products */,
			);
			sourceTree = "<group>";
		};
		3ED44C2122F6DE0100E1A98C /* Products */ = {
			isa = PBXGroup;
			children = (
				3ED44C2022F6DE0100E1A98C /* UITestCollection.app */,
				3ED44C3422F6DE0200E1A98C /* UITestCollectionUITests.xctest */,
			);
			name = Products;
			sourceTree = "<group>";
		};
		3ED44C2222F6DE0100E1A98C /* UITestCollection */ = {
			isa = PBXGroup;
			children = (
				3EF5AFE722FDEDC900B90954 /* Category */,
				3EF5AFE122FDD71D00B90954 /* Flow */,
				3ED44C2322F6DE0100E1A98C /* AppDelegate.swift */,
				3EF5AFE522FDE70700B90954 /* NewButtonViewController.swift */,
				3EF5AFDD22FDC4F200B90954 /* CategoryViewController.swift */,
				3ED44C4322F6E89200E1A98C /* ButtonCollectionViewController.swift */,
				3ED44C2A22F6DE0200E1A98C /* Assets.xcassets */,
				3ED44C2C22F6DE0200E1A98C /* LaunchScreen.storyboard */,
				3ED44C2F22F6DE0200E1A98C /* Info.plist */,
				3E04825622FC9B9500E238A0 /* ViewController.swift */,
			);
			path = UITestCollection;
			sourceTree = "<group>";
		};
		3ED44C3722F6DE0200E1A98C /* UITestCollectionUITests */ = {
			isa = PBXGroup;
			children = (
				3ED44C3822F6DE0200E1A98C /* UITestTapAButton.swift */,
				3ED44C3A22F6DE0200E1A98C /* Info.plist */,
			);
			path = UITestCollectionUITests;
			sourceTree = "<group>";
		};
		3EF5AFE122FDD71D00B90954 /* Flow */ = {
			isa = PBXGroup;
			children = (
				3EF5AFE222FDDD8000B90954 /* Button.storyboard */,
				3ED44C2722F6DE0100E1A98C /* Main.storyboard */,
			);
			path = Flow;
			sourceTree = "<group>";
		};
		3EF5AFE722FDEDC900B90954 /* Category */ = {
			isa = PBXGroup;
			children = (
				3EF5AFE822FDEE1C00B90954 /* Button */,
			);
			path = Category;
			sourceTree = "<group>";
		};
		3EF5AFE822FDEE1C00B90954 /* Button */ = {
			isa = PBXGroup;
			children = (
				3EF5AFE922FDEE5600B90954 /* FirstTestViewController.swift */,
				3EF5AFEB22FDF69700B90954 /* SecondTestViewController.swift */,
				3EF5AFED22FE059900B90954 /* ThirdTestViewController.swift */,
				3EF5AFEF22FE362600B90954 /* FourTestViewController.swift */,
				3EF5AFF122FE3C0000B90954 /* FiveTestViewController.swift */,
				3EF5AFF322FE9DBE00B90954 /* SixTestViewController.swift */,
			);
			path = Button;
			sourceTree = "<group>";
		};
/* End PBXGroup section */

/* Begin PBXNativeTarget section */
		3ED44C1F22F6DE0100E1A98C /* UITestCollection */ = {
			isa = PBXNativeTarget;
			buildConfigurationList = 3ED44C3D22F6DE0200E1A98C /* Build configuration list for PBXNativeTarget "UITestCollection" */;
			buildPhases = (
				3ED44C1C22F6DE0100E1A98C /* Sources */,
				3ED44C1D22F6DE0100E1A98C /* Frameworks */,
				3ED44C1E22F6DE0100E1A98C /* Resources */,
			);
			buildRules = (
			);
			dependencies = (
			);
			name = UITestCollection;
			productName = UITestCollection;
			productReference = 3ED44C2022F6DE0100E1A98C /* UITestCollection.app */;
			productType = "com.apple.product-type.application";
		};
		3ED44C3322F6DE0200E1A98C /* UITestCollectionUITests */ = {
			isa = PBXNativeTarget;
			buildConfigurationList = 3ED44C4022F6DE0200E1A98C /* Build configuration list for PBXNativeTarget "UITestCollectionUITests" */;
			buildPhases = (
				3ED44C3022F6DE0200E1A98C /* Sources */,
				3ED44C3122F6DE0200E1A98C /* Frameworks */,
				3ED44C3222F6DE0200E1A98C /* Resources */,
			);
			buildRules = (
			);
			dependencies = (
				3ED44C3622F6DE0200E1A98C /* PBXTargetDependency */,
			);
			name = UITestCollectionUITests;
			productName = UITestCollectionUITests;
			productReference = 3ED44C3422F6DE0200E1A98C /* UITestCollectionUITests.xctest */;
			productType = "com.apple.product-type.bundle.ui-testing";
		};
/* End PBXNativeTarget section */

/* Begin PBXProject section */
		3ED44C1822F6DE0100E1A98C /* Project object */ = {
			isa = PBXProject;
			attributes = {
				LastSwiftUpdateCheck = 1030;
				LastUpgradeCheck = 1030;
				ORGANIZATIONNAME = "yauheni prakapenka";
				TargetAttributes = {
					3ED44C1F22F6DE0100E1A98C = {
						CreatedOnToolsVersion = 10.3;
					};
					3ED44C3322F6DE0200E1A98C = {
						CreatedOnToolsVersion = 10.3;
						TestTargetID = 3ED44C1F22F6DE0100E1A98C;
					};
				};
			};
			buildConfigurationList = 3ED44C1B22F6DE0100E1A98C /* Build configuration list for PBXProject "UITestCollection" */;
			compatibilityVersion = "Xcode 9.3";
			developmentRegion = en;
			hasScannedForEncodings = 0;
			knownRegions = (
				en,
				Base,
			);
			mainGroup = 3ED44C1722F6DE0100E1A98C;
			productRefGroup = 3ED44C2122F6DE0100E1A98C /* Products */;
			projectDirPath = "";
			projectRoot = "";
			targets = (
				3ED44C1F22F6DE0100E1A98C /* UITestCollection */,
				3ED44C3322F6DE0200E1A98C /* UITestCollectionUITests */,
			);
		};
/* End PBXProject section */

/* Begin PBXResourcesBuildPhase section */
		3ED44C1E22F6DE0100E1A98C /* Resources */ = {
			isa = PBXResourcesBuildPhase;
			buildActionMask = 2147483647;
			files = (
				3EF5AFE422FDDD8000B90954 /* Button.storyboard in Resources */,
				3ED44C2E22F6DE0200E1A98C /* LaunchScreen.storyboard in Resources */,
				3ED44C2B22F6DE0200E1A98C /* Assets.xcassets in Resources */,
				3ED44C2922F6DE0100E1A98C /* Main.storyboard in Resources */,
			);
			runOnlyForDeploymentPostprocessing = 0;
		};
		3ED44C3222F6DE0200E1A98C /* Resources */ = {
			isa = PBXResourcesBuildPhase;
			buildActionMask = 2147483647;
			files = (
			);
			runOnlyForDeploymentPostprocessing = 0;
		};
/* End PBXResourcesBuildPhase section */

/* Begin PBXSourcesBuildPhase section */
		3ED44C1C22F6DE0100E1A98C /* Sources */ = {
			isa = PBXSourcesBuildPhase;
			buildActionMask = 2147483647;
			files = (
				3EF5AFEC22FDF69700B90954 /* SecondTestViewController.swift in Sources */,
				3EF5AFDE22FDC4F200B90954 /* CategoryViewController.swift in Sources */,
				3EF5AFF222FE3C0100B90954 /* FiveTestViewController.swift in Sources */,
				3EF5AFF422FE9DBE00B90954 /* SixTestViewController.swift in Sources */,
				3EF5AFEE22FE059900B90954 /* ThirdTestViewController.swift in Sources */,
				3EF5AFF022FE362600B90954 /* FourTestViewController.swift in Sources */,
				3E04825722FC9B9500E238A0 /* ViewController.swift in Sources */,
				3ED44C4422F6E89200E1A98C /* ButtonCollectionViewController.swift in Sources */,
				3ED44C2422F6DE0100E1A98C /* AppDelegate.swift in Sources */,
				3EF5AFE622FDE70700B90954 /* NewButtonViewController.swift in Sources */,
				3EF5AFEA22FDEE5600B90954 /* FirstTestViewController.swift in Sources */,
			);
			runOnlyForDeploymentPostprocessing = 0;
		};
		3ED44C3022F6DE0200E1A98C /* Sources */ = {
			isa = PBXSourcesBuildPhase;
			buildActionMask = 2147483647;
			files = (
				3ED44C3922F6DE0200E1A98C /* UITestTapAButton.swift in Sources */,
			);
			runOnlyForDeploymentPostprocessing = 0;
		};
/* End PBXSourcesBuildPhase section */

/* Begin PBXTargetDependency section */
		3ED44C3622F6DE0200E1A98C /* PBXTargetDependency */ = {
			isa = PBXTargetDependency;
			target = 3ED44C1F22F6DE0100E1A98C /* UITestCollection */;
			targetProxy = 3ED44C3522F6DE0200E1A98C /* PBXContainerItemProxy */;
		};
/* End PBXTargetDependency section */

/* Begin PBXVariantGroup section */
		3ED44C2722F6DE0100E1A98C /* Main.storyboard */ = {
			isa = PBXVariantGroup;
			children = (
				3ED44C2822F6DE0100E1A98C /* Base */,
			);
			name = Main.storyboard;
			sourceTree = "<group>";
		};
		3ED44C2C22F6DE0200E1A98C /* LaunchScreen.storyboard */ = {
			isa = PBXVariantGroup;
			children = (
				3ED44C2D22F6DE0200E1A98C /* Base */,
			);
			name = LaunchScreen.storyboard;
			sourceTree = "<group>";
		};
		3EF5AFE222FDDD8000B90954 /* Button.storyboard */ = {
			isa = PBXVariantGroup;
			children = (
				3EF5AFE322FDDD8000B90954 /* Base */,
			);
			name = Button.storyboard;
			sourceTree = "<group>";
		};
/* End PBXVariantGroup section */

/* Begin XCBuildConfiguration section */
		3ED44C3B22F6DE0200E1A98C /* Debug */ = {
			isa = XCBuildConfiguration;
			buildSettings = {
				ALWAYS_SEARCH_USER_PATHS = NO;
				CLANG_ANALYZER_NONNULL = YES;
				CLANG_ANALYZER_NUMBER_OBJECT_CONVERSION = YES_AGGRESSIVE;
				CLANG_CXX_LANGUAGE_STANDARD = "gnu++14";
				CLANG_CXX_LIBRARY = "libc++";
				CLANG_ENABLE_MODULES = YES;
				CLANG_ENABLE_OBJC_ARC = YES;
				CLANG_ENABLE_OBJC_WEAK = YES;
				CLANG_WARN_BLOCK_CAPTURE_AUTORELEASING = YES;
				CLANG_WARN_BOOL_CONVERSION = YES;
				CLANG_WARN_COMMA = YES;
				CLANG_WARN_CONSTANT_CONVERSION = YES;
				CLANG_WARN_DEPRECATED_OBJC_IMPLEMENTATIONS = YES;
				CLANG_WARN_DIRECT_OBJC_ISA_USAGE = YES_ERROR;
				CLANG_WARN_DOCUMENTATION_COMMENTS = YES;
				CLANG_WARN_EMPTY_BODY = YES;
				CLANG_WARN_ENUM_CONVERSION = YES;
				CLANG_WARN_INFINITE_RECURSION = YES;
				CLANG_WARN_INT_CONVERSION = YES;
				CLANG_WARN_NON_LITERAL_NULL_CONVERSION = YES;
				CLANG_WARN_OBJC_IMPLICIT_RETAIN_SELF = YES;
				CLANG_WARN_OBJC_LITERAL_CONVERSION = YES;
				CLANG_WARN_OBJC_ROOT_CLASS = YES_ERROR;
				CLANG_WARN_RANGE_LOOP_ANALYSIS = YES;
				CLANG_WARN_STRICT_PROTOTYPES = YES;
				CLANG_WARN_SUSPICIOUS_MOVE = YES;
				CLANG_WARN_UNGUARDED_AVAILABILITY = YES_AGGRESSIVE;
				CLANG_WARN_UNREACHABLE_CODE = YES;
				CLANG_WARN__DUPLICATE_METHOD_MATCH = YES;
				CODE_SIGN_IDENTITY = "iPhone Developer";
				COPY_PHASE_STRIP = NO;
				DEBUG_INFORMATION_FORMAT = dwarf;
				ENABLE_STRICT_OBJC_MSGSEND = YES;
				ENABLE_TESTABILITY = YES;
				GCC_C_LANGUAGE_STANDARD = gnu11;
				GCC_DYNAMIC_NO_PIC = NO;
				GCC_NO_COMMON_BLOCKS = YES;
				GCC_OPTIMIZATION_LEVEL = 0;
				GCC_PREPROCESSOR_DEFINITIONS = (
					"DEBUG=1",
					"$(inherited)",
				);
				GCC_WARN_64_TO_32_BIT_CONVERSION = YES;
				GCC_WARN_ABOUT_RETURN_TYPE = YES_ERROR;
				GCC_WARN_UNDECLARED_SELECTOR = YES;
				GCC_WARN_UNINITIALIZED_AUTOS = YES_AGGRESSIVE;
				GCC_WARN_UNUSED_FUNCTION = YES;
				GCC_WARN_UNUSED_VARIABLE = YES;
				IPHONEOS_DEPLOYMENT_TARGET = 12.4;
				MTL_ENABLE_DEBUG_INFO = INCLUDE_SOURCE;
				MTL_FAST_MATH = YES;
				ONLY_ACTIVE_ARCH = YES;
				SDKROOT = iphoneos;
				SWIFT_ACTIVE_COMPILATION_CONDITIONS = DEBUG;
				SWIFT_OPTIMIZATION_LEVEL = "-Onone";
			};
			name = Debug;
		};
		3ED44C3C22F6DE0200E1A98C /* Release */ = {
			isa = XCBuildConfiguration;
			buildSettings = {
				ALWAYS_SEARCH_USER_PATHS = NO;
				CLANG_ANALYZER_NONNULL = YES;
				CLANG_ANALYZER_NUMBER_OBJECT_CONVERSION = YES_AGGRESSIVE;
				CLANG_CXX_LANGUAGE_STANDARD = "gnu++14";
				CLANG_CXX_LIBRARY = "libc++";
				CLANG_ENABLE_MODULES = YES;
				CLANG_ENABLE_OBJC_ARC = YES;
				CLANG_ENABLE_OBJC_WEAK = YES;
				CLANG_WARN_BLOCK_CAPTURE_AUTORELEASING = YES;
				CLANG_WARN_BOOL_CONVERSION = YES;
				CLANG_WARN_COMMA = YES;
				CLANG_WARN_CONSTANT_CONVERSION = YES;
				CLANG_WARN_DEPRECATED_OBJC_IMPLEMENTATIONS = YES;
				CLANG_WARN_DIRECT_OBJC_ISA_USAGE = YES_ERROR;
				CLANG_WARN_DOCUMENTATION_COMMENTS = YES;
				CLANG_WARN_EMPTY_BODY = YES;
				CLANG_WARN_ENUM_CONVERSION = YES;
				CLANG_WARN_INFINITE_RECURSION = YES;
				CLANG_WARN_INT_CONVERSION = YES;
				CLANG_WARN_NON_LITERAL_NULL_CONVERSION = YES;
				CLANG_WARN_OBJC_IMPLICIT_RETAIN_SELF = YES;
				CLANG_WARN_OBJC_LITERAL_CONVERSION = YES;
				CLANG_WARN_OBJC_ROOT_CLASS = YES_ERROR;
				CLANG_WARN_RANGE_LOOP_ANALYSIS = YES;
				CLANG_WARN_STRICT_PROTOTYPES = YES;
				CLANG_WARN_SUSPICIOUS_MOVE = YES;
				CLANG_WARN_UNGUARDED_AVAILABILITY = YES_AGGRESSIVE;
				CLANG_WARN_UNREACHABLE_CODE = YES;
				CLANG_WARN__DUPLICATE_METHOD_MATCH = YES;
				CODE_SIGN_IDENTITY = "iPhone Developer";
				COPY_PHASE_STRIP = NO;
				DEBUG_INFORMATION_FORMAT = "dwarf-with-dsym";
				ENABLE_NS_ASSERTIONS = NO;
				ENABLE_STRICT_OBJC_MSGSEND = YES;
				GCC_C_LANGUAGE_STANDARD = gnu11;
				GCC_NO_COMMON_BLOCKS = YES;
				GCC_WARN_64_TO_32_BIT_CONVERSION = YES;
				GCC_WARN_ABOUT_RETURN_TYPE = YES_ERROR;
				GCC_WARN_UNDECLARED_SELECTOR = YES;
				GCC_WARN_UNINITIALIZED_AUTOS = YES_AGGRESSIVE;
				GCC_WARN_UNUSED_FUNCTION = YES;
				GCC_WARN_UNUSED_VARIABLE = YES;
				IPHONEOS_DEPLOYMENT_TARGET = 12.4;
				MTL_ENABLE_DEBUG_INFO = NO;
				MTL_FAST_MATH = YES;
				SDKROOT = iphoneos;
				SWIFT_COMPILATION_MODE = wholemodule;
				SWIFT_OPTIMIZATION_LEVEL = "-O";
				VALIDATE_PRODUCT = YES;
			};
			name = Release;
		};
		3ED44C3E22F6DE0200E1A98C /* Debug */ = {
			isa = XCBuildConfiguration;
			buildSettings = {
				ASSETCATALOG_COMPILER_APPICON_NAME = AppIcon;
				CODE_SIGN_STYLE = Automatic;
				DEVELOPMENT_TEAM = 2H6CKN6S5G;
				INFOPLIST_FILE = UITestCollection/Info.plist;
				LD_RUNPATH_SEARCH_PATHS = (
					"$(inherited)",
					"@executable_path/Frameworks",
				);
				PRODUCT_BUNDLE_IDENTIFIER = com.yauheniprakapenka.UITestCollection;
				PRODUCT_NAME = "$(TARGET_NAME)";
				SWIFT_VERSION = 5.0;
				TARGETED_DEVICE_FAMILY = "1,2";
			};
			name = Debug;
		};
		3ED44C3F22F6DE0200E1A98C /* Release */ = {
			isa = XCBuildConfiguration;
			buildSettings = {
				ASSETCATALOG_COMPILER_APPICON_NAME = AppIcon;
				CODE_SIGN_STYLE = Automatic;
				DEVELOPMENT_TEAM = 2H6CKN6S5G;
				INFOPLIST_FILE = UITestCollection/Info.plist;
				LD_RUNPATH_SEARCH_PATHS = (
					"$(inherited)",
					"@executable_path/Frameworks",
				);
				PRODUCT_BUNDLE_IDENTIFIER = com.yauheniprakapenka.UITestCollection;
				PRODUCT_NAME = "$(TARGET_NAME)";
				SWIFT_VERSION = 5.0;
				TARGETED_DEVICE_FAMILY = "1,2";
			};
			name = Release;
		};
		3ED44C4122F6DE0200E1A98C /* Debug */ = {
			isa = XCBuildConfiguration;
			buildSettings = {
				ALWAYS_EMBED_SWIFT_STANDARD_LIBRARIES = YES;
				CODE_SIGN_STYLE = Automatic;
				DEVELOPMENT_TEAM = 2H6CKN6S5G;
				INFOPLIST_FILE = UITestCollectionUITests/Info.plist;
				LD_RUNPATH_SEARCH_PATHS = (
					"$(inherited)",
					"@executable_path/Frameworks",
					"@loader_path/Frameworks",
				);
				PRODUCT_BUNDLE_IDENTIFIER = com.yauheniprakapenka.UITestCollectionUITests;
				PRODUCT_NAME = "$(TARGET_NAME)";
				SWIFT_VERSION = 5.0;
				TARGETED_DEVICE_FAMILY = "1,2";
				TEST_TARGET_NAME = UITestCollection;
			};
			name = Debug;
		};
		3ED44C4222F6DE0200E1A98C /* Release */ = {
			isa = XCBuildConfiguration;
			buildSettings = {
				ALWAYS_EMBED_SWIFT_STANDARD_LIBRARIES = YES;
				CODE_SIGN_STYLE = Automatic;
				DEVELOPMENT_TEAM = 2H6CKN6S5G;
				INFOPLIST_FILE = UITestCollectionUITests/Info.plist;
				LD_RUNPATH_SEARCH_PATHS = (
					"$(inherited)",
					"@executable_path/Frameworks",
					"@loader_path/Frameworks",
				);
				PRODUCT_BUNDLE_IDENTIFIER = com.yauheniprakapenka.UITestCollectionUITests;
				PRODUCT_NAME = "$(TARGET_NAME)";
				SWIFT_VERSION = 5.0;
				TARGETED_DEVICE_FAMILY = "1,2";
				TEST_TARGET_NAME = UITestCollection;
			};
			name = Release;
		};
/* End XCBuildConfiguration section */

/* Begin XCConfigurationList section */
		3ED44C1B22F6DE0100E1A98C /* Build configuration list for PBXProject "UITestCollection" */ = {
			isa = XCConfigurationList;
			buildConfigurations = (
				3ED44C3B22F6DE0200E1A98C /* Debug */,
				3ED44C3C22F6DE0200E1A98C /* Release */,
			);
			defaultConfigurationIsVisible = 0;
			defaultConfigurationName = Release;
		};
		3ED44C3D22F6DE0200E1A98C /* Build configuration list for PBXNativeTarget "UITestCollection" */ = {
			isa = XCConfigurationList;
			buildConfigurations = (
				3ED44C3E22F6DE0200E1A98C /* Debug */,
				3ED44C3F22F6DE0200E1A98C /* Release */,
			);
			defaultConfigurationIsVisible = 0;
			defaultConfigurationName = Release;
		};
		3ED44C4022F6DE0200E1A98C /* Build configuration list for PBXNativeTarget "UITestCollectionUITests" */ = {
			isa = XCConfigurationList;
			buildConfigurations = (
				3ED44C4122F6DE0200E1A98C /* Debug */,
				3ED44C4222F6DE0200E1A98C /* Release */,
			);
			defaultConfigurationIsVisible = 0;
			defaultConfigurationName = Release;
		};
/* End XCConfigurationList section */
	};
	rootObject = 3ED44C1822F6DE0100E1A98C /* Project object */;
}
