// !$*UTF8*$!
{
	archiveVersion = 1;
	classes = {
	};
	objectVersion = 50;
	objects = {

/* Begin PBXBuildFile section */
		3E82F14323C519F000BFA794 /* AppDelegate.swift in Sources */ = {isa = PBXBuildFile; fileRef = 3E82F14223C519F000BFA794 /* AppDelegate.swift */; };
		3E82F14523C519F000BFA794 /* SceneDelegate.swift in Sources */ = {isa = PBXBuildFile; fileRef = 3E82F14423C519F000BFA794 /* SceneDelegate.swift */; };
		3E82F14C23C519F200BFA794 /* Assets.xcassets in Resources */ = {isa = PBXBuildFile; fileRef = 3E82F14B23C519F200BFA794 /* Assets.xcassets */; };
		3E82F14F23C519F200BFA794 /* LaunchScreen.storyboard in Resources */ = {isa = PBXBuildFile; fileRef = 3E82F14D23C519F200BFA794 /* LaunchScreen.storyboard */; };
		3E82F15723C52BAE00BFA794 /* SearchVC.swift in Sources */ = {isa = PBXBuildFile; fileRef = 3E82F15623C52BAE00BFA794 /* SearchVC.swift */; };
		3E82F15923C52C0500BFA794 /* FavoritesListVC.swift in Sources */ = {isa = PBXBuildFile; fileRef = 3E82F15823C52C0500BFA794 /* FavoritesListVC.swift */; };
		3E82F15B23C5BC3E00BFA794 /* GFButton.swift in Sources */ = {isa = PBXBuildFile; fileRef = 3E82F15A23C5BC3E00BFA794 /* GFButton.swift */; };
		3E82F15D23C5C2FC00BFA794 /* GFTextField.swift in Sources */ = {isa = PBXBuildFile; fileRef = 3E82F15C23C5C2FC00BFA794 /* GFTextField.swift */; };
		3E82F15F23C5F9B500BFA794 /* FollowerListVC.swift in Sources */ = {isa = PBXBuildFile; fileRef = 3E82F15E23C5F9B500BFA794 /* FollowerListVC.swift */; };
		3E82F16123C6416900BFA794 /* String+Ext.swift in Sources */ = {isa = PBXBuildFile; fileRef = 3E82F16023C6416900BFA794 /* String+Ext.swift */; };
		3E82F16323C6437500BFA794 /* GFTitleLabel.swift in Sources */ = {isa = PBXBuildFile; fileRef = 3E82F16223C6437500BFA794 /* GFTitleLabel.swift */; };
		3E82F16523C6471200BFA794 /* GFMessageLabel.swift in Sources */ = {isa = PBXBuildFile; fileRef = 3E82F16423C6471200BFA794 /* GFMessageLabel.swift */; };
		3E82F16723C64FC800BFA794 /* GFAlertVC.swift in Sources */ = {isa = PBXBuildFile; fileRef = 3E82F16623C64FC800BFA794 /* GFAlertVC.swift */; };
		3EEFD0E923C9076B009B8668 /* UIVIewController+Ext.swift in Sources */ = {isa = PBXBuildFile; fileRef = 3EEFD0E823C9076B009B8668 /* UIVIewController+Ext.swift */; };
		3EEFD0F023C9CB43009B8668 /* Follower.swift in Sources */ = {isa = PBXBuildFile; fileRef = 3EEFD0EF23C9CB43009B8668 /* Follower.swift */; };
		3EEFD0F223C9CE0E009B8668 /* User.swift in Sources */ = {isa = PBXBuildFile; fileRef = 3EEFD0F123C9CE0E009B8668 /* User.swift */; };
		3EEFD0F523CA0F47009B8668 /* NetworkManager.swift in Sources */ = {isa = PBXBuildFile; fileRef = 3EEFD0F423CA0F47009B8668 /* NetworkManager.swift */; };
		3EEFD0F823CA7758009B8668 /* GFError.swift in Sources */ = {isa = PBXBuildFile; fileRef = 3EEFD0F723CA7758009B8668 /* GFError.swift */; };
/* End PBXBuildFile section */

/* Begin PBXFileReference section */
		3E82F13F23C519F000BFA794 /* GHFollowers.app */ = {isa = PBXFileReference; explicitFileType = wrapper.application; includeInIndex = 0; path = GHFollowers.app; sourceTree = BUILT_PRODUCTS_DIR; };
		3E82F14223C519F000BFA794 /* AppDelegate.swift */ = {isa = PBXFileReference; lastKnownFileType = sourcecode.swift; path = AppDelegate.swift; sourceTree = "<group>"; };
		3E82F14423C519F000BFA794 /* SceneDelegate.swift */ = {isa = PBXFileReference; lastKnownFileType = sourcecode.swift; path = SceneDelegate.swift; sourceTree = "<group>"; };
		3E82F14B23C519F200BFA794 /* Assets.xcassets */ = {isa = PBXFileReference; lastKnownFileType = folder.assetcatalog; path = Assets.xcassets; sourceTree = "<group>"; };
		3E82F14E23C519F200BFA794 /* Base */ = {isa = PBXFileReference; lastKnownFileType = file.storyboard; name = Base; path = Base.lproj/LaunchScreen.storyboard; sourceTree = "<group>"; };
		3E82F15023C519F200BFA794 /* Info.plist */ = {isa = PBXFileReference; lastKnownFileType = text.plist.xml; path = Info.plist; sourceTree = "<group>"; };
		3E82F15623C52BAE00BFA794 /* SearchVC.swift */ = {isa = PBXFileReference; lastKnownFileType = sourcecode.swift; path = SearchVC.swift; sourceTree = "<group>"; };
		3E82F15823C52C0500BFA794 /* FavoritesListVC.swift */ = {isa = PBXFileReference; lastKnownFileType = sourcecode.swift; path = FavoritesListVC.swift; sourceTree = "<group>"; };
		3E82F15A23C5BC3E00BFA794 /* GFButton.swift */ = {isa = PBXFileReference; lastKnownFileType = sourcecode.swift; path = GFButton.swift; sourceTree = "<group>"; };
		3E82F15C23C5C2FC00BFA794 /* GFTextField.swift */ = {isa = PBXFileReference; lastKnownFileType = sourcecode.swift; path = GFTextField.swift; sourceTree = "<group>"; };
		3E82F15E23C5F9B500BFA794 /* FollowerListVC.swift */ = {isa = PBXFileReference; lastKnownFileType = sourcecode.swift; path = FollowerListVC.swift; sourceTree = "<group>"; };
		3E82F16023C6416900BFA794 /* String+Ext.swift */ = {isa = PBXFileReference; fileEncoding = 4; lastKnownFileType = sourcecode.swift; path = "String+Ext.swift"; sourceTree = "<group>"; };
		3E82F16223C6437500BFA794 /* GFTitleLabel.swift */ = {isa = PBXFileReference; lastKnownFileType = sourcecode.swift; path = GFTitleLabel.swift; sourceTree = "<group>"; };
		3E82F16423C6471200BFA794 /* GFMessageLabel.swift */ = {isa = PBXFileReference; lastKnownFileType = sourcecode.swift; path = GFMessageLabel.swift; sourceTree = "<group>"; };
		3E82F16623C64FC800BFA794 /* GFAlertVC.swift */ = {isa = PBXFileReference; lastKnownFileType = sourcecode.swift; path = GFAlertVC.swift; sourceTree = "<group>"; };
		3EEFD0E823C9076B009B8668 /* UIVIewController+Ext.swift */ = {isa = PBXFileReference; lastKnownFileType = sourcecode.swift; path = "UIVIewController+Ext.swift"; sourceTree = "<group>"; };
		3EEFD0EF23C9CB43009B8668 /* Follower.swift */ = {isa = PBXFileReference; lastKnownFileType = sourcecode.swift; path = Follower.swift; sourceTree = "<group>"; };
		3EEFD0F123C9CE0E009B8668 /* User.swift */ = {isa = PBXFileReference; lastKnownFileType = sourcecode.swift; path = User.swift; sourceTree = "<group>"; };
		3EEFD0F423CA0F47009B8668 /* NetworkManager.swift */ = {isa = PBXFileReference; lastKnownFileType = sourcecode.swift; path = NetworkManager.swift; sourceTree = "<group>"; };
		3EEFD0F723CA7758009B8668 /* GFError.swift */ = {isa = PBXFileReference; lastKnownFileType = sourcecode.swift; path = GFError.swift; sourceTree = "<group>"; };
/* End PBXFileReference section */

/* Begin PBXFrameworksBuildPhase section */
		3E82F13C23C519F000BFA794 /* Frameworks */ = {
			isa = PBXFrameworksBuildPhase;
			buildActionMask = 2147483647;
			files = (
			);
			runOnlyForDeploymentPostprocessing = 0;
		};
/* End PBXFrameworksBuildPhase section */

/* Begin PBXGroup section */
		3E82F13623C519F000BFA794 = {
			isa = PBXGroup;
			children = (
				3E82F14123C519F000BFA794 /* GHFollowers */,
				3E82F14023C519F000BFA794 /* Products */,
			);
			sourceTree = "<group>";
		};
		3E82F14023C519F000BFA794 /* Products */ = {
			isa = PBXGroup;
			children = (
				3E82F13F23C519F000BFA794 /* GHFollowers.app */,
			);
			name = Products;
			sourceTree = "<group>";
		};
		3E82F14123C519F000BFA794 /* GHFollowers */ = {
			isa = PBXGroup;
			children = (
				3EEFD0F623CA773C009B8668 /* Utilities */,
				3EEFD0F323CA0F24009B8668 /* Managers */,
				3EEFD0EE23C9CA30009B8668 /* Model */,
				3EEFD0EC23C9B78C009B8668 /* Extensions */,
				3EEFD0EB23C9B73D009B8668 /* Custom Views */,
				3EEFD0EA23C9B710009B8668 /* Screens */,
				3EEFD0ED23C9B828009B8668 /* Support */,
			);
			path = GHFollowers;
			sourceTree = "<group>";
		};
		3EEFD0EA23C9B710009B8668 /* Screens */ = {
			isa = PBXGroup;
			children = (
				3E82F15623C52BAE00BFA794 /* SearchVC.swift */,
				3E82F15823C52C0500BFA794 /* FavoritesListVC.swift */,
				3E82F15E23C5F9B500BFA794 /* FollowerListVC.swift */,
			);
			path = Screens;
			sourceTree = "<group>";
		};
		3EEFD0EB23C9B73D009B8668 /* Custom Views */ = {
			isa = PBXGroup;
			children = (
				3E82F16623C64FC800BFA794 /* GFAlertVC.swift */,
				3E82F16223C6437500BFA794 /* GFTitleLabel.swift */,
				3E82F16423C6471200BFA794 /* GFMessageLabel.swift */,
				3E82F15A23C5BC3E00BFA794 /* GFButton.swift */,
				3E82F15C23C5C2FC00BFA794 /* GFTextField.swift */,
			);
			path = "Custom Views";
			sourceTree = "<group>";
		};
		3EEFD0EC23C9B78C009B8668 /* Extensions */ = {
			isa = PBXGroup;
			children = (
				3EEFD0E823C9076B009B8668 /* UIVIewController+Ext.swift */,
				3E82F16023C6416900BFA794 /* String+Ext.swift */,
			);
			path = Extensions;
			sourceTree = "<group>";
		};
		3EEFD0ED23C9B828009B8668 /* Support */ = {
			isa = PBXGroup;
			children = (
				3E82F14223C519F000BFA794 /* AppDelegate.swift */,
				3E82F14423C519F000BFA794 /* SceneDelegate.swift */,
				3E82F14B23C519F200BFA794 /* Assets.xcassets */,
				3E82F14D23C519F200BFA794 /* LaunchScreen.storyboard */,
				3E82F15023C519F200BFA794 /* Info.plist */,
			);
			path = Support;
			sourceTree = "<group>";
		};
		3EEFD0EE23C9CA30009B8668 /* Model */ = {
			isa = PBXGroup;
			children = (
				3EEFD0EF23C9CB43009B8668 /* Follower.swift */,
				3EEFD0F123C9CE0E009B8668 /* User.swift */,
			);
			path = Model;
			sourceTree = "<group>";
		};
		3EEFD0F323CA0F24009B8668 /* Managers */ = {
			isa = PBXGroup;
			children = (
				3EEFD0F423CA0F47009B8668 /* NetworkManager.swift */,
			);
			path = Managers;
			sourceTree = "<group>";
		};
		3EEFD0F623CA773C009B8668 /* Utilities */ = {
			isa = PBXGroup;
			children = (
				3EEFD0F723CA7758009B8668 /* GFError.swift */,
			);
			path = Utilities;
			sourceTree = "<group>";
		};
/* End PBXGroup section */

/* Begin PBXNativeTarget section */
		3E82F13E23C519F000BFA794 /* GHFollowers */ = {
			isa = PBXNativeTarget;
			buildConfigurationList = 3E82F15323C519F200BFA794 /* Build configuration list for PBXNativeTarget "GHFollowers" */;
			buildPhases = (
				3E82F13B23C519F000BFA794 /* Sources */,
				3E82F13C23C519F000BFA794 /* Frameworks */,
				3E82F13D23C519F000BFA794 /* Resources */,
			);
			buildRules = (
			);
			dependencies = (
			);
			name = GHFollowers;
			productName = GHFollowers;
			productReference = 3E82F13F23C519F000BFA794 /* GHFollowers.app */;
			productType = "com.apple.product-type.application";
		};
/* End PBXNativeTarget section */

/* Begin PBXProject section */
		3E82F13723C519F000BFA794 /* Project object */ = {
			isa = PBXProject;
			attributes = {
				LastSwiftUpdateCheck = 1130;
				LastUpgradeCheck = 1130;
				ORGANIZATIONNAME = "yauheni prakapenka";
				TargetAttributes = {
					3E82F13E23C519F000BFA794 = {
						CreatedOnToolsVersion = 11.3;
					};
				};
			};
			buildConfigurationList = 3E82F13A23C519F000BFA794 /* Build configuration list for PBXProject "GHFollowers" */;
			compatibilityVersion = "Xcode 9.3";
			developmentRegion = en;
			hasScannedForEncodings = 0;
			knownRegions = (
				en,
				Base,
			);
			mainGroup = 3E82F13623C519F000BFA794;
			productRefGroup = 3E82F14023C519F000BFA794 /* Products */;
			projectDirPath = "";
			projectRoot = "";
			targets = (
				3E82F13E23C519F000BFA794 /* GHFollowers */,
			);
		};
/* End PBXProject section */

/* Begin PBXResourcesBuildPhase section */
		3E82F13D23C519F000BFA794 /* Resources */ = {
			isa = PBXResourcesBuildPhase;
			buildActionMask = 2147483647;
			files = (
				3E82F14F23C519F200BFA794 /* LaunchScreen.storyboard in Resources */,
				3E82F14C23C519F200BFA794 /* Assets.xcassets in Resources */,
			);
			runOnlyForDeploymentPostprocessing = 0;
		};
/* End PBXResourcesBuildPhase section */

/* Begin PBXSourcesBuildPhase section */
		3E82F13B23C519F000BFA794 /* Sources */ = {
			isa = PBXSourcesBuildPhase;
			buildActionMask = 2147483647;
			files = (
				3E82F15D23C5C2FC00BFA794 /* GFTextField.swift in Sources */,
				3E82F15923C52C0500BFA794 /* FavoritesListVC.swift in Sources */,
				3E82F15B23C5BC3E00BFA794 /* GFButton.swift in Sources */,
				3E82F15723C52BAE00BFA794 /* SearchVC.swift in Sources */,
				3E82F15F23C5F9B500BFA794 /* FollowerListVC.swift in Sources */,
				3E82F14323C519F000BFA794 /* AppDelegate.swift in Sources */,
				3EEFD0F223C9CE0E009B8668 /* User.swift in Sources */,
				3E82F16723C64FC800BFA794 /* GFAlertVC.swift in Sources */,
				3E82F16323C6437500BFA794 /* GFTitleLabel.swift in Sources */,
				3EEFD0F023C9CB43009B8668 /* Follower.swift in Sources */,
				3E82F16123C6416900BFA794 /* String+Ext.swift in Sources */,
				3E82F14523C519F000BFA794 /* SceneDelegate.swift in Sources */,
				3EEFD0F823CA7758009B8668 /* GFError.swift in Sources */,
				3EEFD0F523CA0F47009B8668 /* NetworkManager.swift in Sources */,
				3EEFD0E923C9076B009B8668 /* UIVIewController+Ext.swift in Sources */,
				3E82F16523C6471200BFA794 /* GFMessageLabel.swift in Sources */,
			);
			runOnlyForDeploymentPostprocessing = 0;
		};
/* End PBXSourcesBuildPhase section */

/* Begin PBXVariantGroup section */
		3E82F14D23C519F200BFA794 /* LaunchScreen.storyboard */ = {
			isa = PBXVariantGroup;
			children = (
				3E82F14E23C519F200BFA794 /* Base */,
			);
			name = LaunchScreen.storyboard;
			sourceTree = "<group>";
		};
/* End PBXVariantGroup section */

/* Begin XCBuildConfiguration section */
		3E82F15123C519F200BFA794 /* Debug */ = {
			isa = XCBuildConfiguration;
			buildSettings = {
				ALWAYS_SEARCH_USER_PATHS = NO;
				CLANG_ANALYZER_NONNULL = YES;
				CLANG_ANALYZER_NUMBER_OBJECT_CONVERSION = YES_AGGRESSIVE;
				CLANG_CXX_LANGUAGE_STANDARD = "gnu++14";
				CLANG_CXX_LIBRARY = "libc++";
				CLANG_ENABLE_MODULES = YES;
				CLANG_ENABLE_OBJC_ARC = YES;
				CLANG_ENABLE_OBJC_WEAK = YES;
				CLANG_WARN_BLOCK_CAPTURE_AUTORELEASING = YES;
				CLANG_WARN_BOOL_CONVERSION = YES;
				CLANG_WARN_COMMA = YES;
				CLANG_WARN_CONSTANT_CONVERSION = YES;
				CLANG_WARN_DEPRECATED_OBJC_IMPLEMENTATIONS = YES;
				CLANG_WARN_DIRECT_OBJC_ISA_USAGE = YES_ERROR;
				CLANG_WARN_DOCUMENTATION_COMMENTS = YES;
				CLANG_WARN_EMPTY_BODY = YES;
				CLANG_WARN_ENUM_CONVERSION = YES;
				CLANG_WARN_INFINITE_RECURSION = YES;
				CLANG_WARN_INT_CONVERSION = YES;
				CLANG_WARN_NON_LITERAL_NULL_CONVERSION = YES;
				CLANG_WARN_OBJC_IMPLICIT_RETAIN_SELF = YES;
				CLANG_WARN_OBJC_LITERAL_CONVERSION = YES;
				CLANG_WARN_OBJC_ROOT_CLASS = YES_ERROR;
				CLANG_WARN_RANGE_LOOP_ANALYSIS = YES;
				CLANG_WARN_STRICT_PROTOTYPES = YES;
				CLANG_WARN_SUSPICIOUS_MOVE = YES;
				CLANG_WARN_UNGUARDED_AVAILABILITY = YES_AGGRESSIVE;
				CLANG_WARN_UNREACHABLE_CODE = YES;
				CLANG_WARN__DUPLICATE_METHOD_MATCH = YES;
				COPY_PHASE_STRIP = NO;
				DEBUG_INFORMATION_FORMAT = dwarf;
				ENABLE_STRICT_OBJC_MSGSEND = YES;
				ENABLE_TESTABILITY = YES;
				GCC_C_LANGUAGE_STANDARD = gnu11;
				GCC_DYNAMIC_NO_PIC = NO;
				GCC_NO_COMMON_BLOCKS = YES;
				GCC_OPTIMIZATION_LEVEL = 0;
				GCC_PREPROCESSOR_DEFINITIONS = (
					"DEBUG=1",
					"$(inherited)",
				);
				GCC_WARN_64_TO_32_BIT_CONVERSION = YES;
				GCC_WARN_ABOUT_RETURN_TYPE = YES_ERROR;
				GCC_WARN_UNDECLARED_SELECTOR = YES;
				GCC_WARN_UNINITIALIZED_AUTOS = YES_AGGRESSIVE;
				GCC_WARN_UNUSED_FUNCTION = YES;
				GCC_WARN_UNUSED_VARIABLE = YES;
				IPHONEOS_DEPLOYMENT_TARGET = 13.2;
				MTL_ENABLE_DEBUG_INFO = INCLUDE_SOURCE;
				MTL_FAST_MATH = YES;
				ONLY_ACTIVE_ARCH = YES;
				SDKROOT = iphoneos;
				SWIFT_ACTIVE_COMPILATION_CONDITIONS = DEBUG;
				SWIFT_OPTIMIZATION_LEVEL = "-Onone";
			};
			name = Debug;
		};
		3E82F15223C519F200BFA794 /* Release */ = {
			isa = XCBuildConfiguration;
			buildSettings = {
				ALWAYS_SEARCH_USER_PATHS = NO;
				CLANG_ANALYZER_NONNULL = YES;
				CLANG_ANALYZER_NUMBER_OBJECT_CONVERSION = YES_AGGRESSIVE;
				CLANG_CXX_LANGUAGE_STANDARD = "gnu++14";
				CLANG_CXX_LIBRARY = "libc++";
				CLANG_ENABLE_MODULES = YES;
				CLANG_ENABLE_OBJC_ARC = YES;
				CLANG_ENABLE_OBJC_WEAK = YES;
				CLANG_WARN_BLOCK_CAPTURE_AUTORELEASING = YES;
				CLANG_WARN_BOOL_CONVERSION = YES;
				CLANG_WARN_COMMA = YES;
				CLANG_WARN_CONSTANT_CONVERSION = YES;
				CLANG_WARN_DEPRECATED_OBJC_IMPLEMENTATIONS = YES;
				CLANG_WARN_DIRECT_OBJC_ISA_USAGE = YES_ERROR;
				CLANG_WARN_DOCUMENTATION_COMMENTS = YES;
				CLANG_WARN_EMPTY_BODY = YES;
				CLANG_WARN_ENUM_CONVERSION = YES;
				CLANG_WARN_INFINITE_RECURSION = YES;
				CLANG_WARN_INT_CONVERSION = YES;
				CLANG_WARN_NON_LITERAL_NULL_CONVERSION = YES;
				CLANG_WARN_OBJC_IMPLICIT_RETAIN_SELF = YES;
				CLANG_WARN_OBJC_LITERAL_CONVERSION = YES;
				CLANG_WARN_OBJC_ROOT_CLASS = YES_ERROR;
				CLANG_WARN_RANGE_LOOP_ANALYSIS = YES;
				CLANG_WARN_STRICT_PROTOTYPES = YES;
				CLANG_WARN_SUSPICIOUS_MOVE = YES;
				CLANG_WARN_UNGUARDED_AVAILABILITY = YES_AGGRESSIVE;
				CLANG_WARN_UNREACHABLE_CODE = YES;
				CLANG_WARN__DUPLICATE_METHOD_MATCH = YES;
				COPY_PHASE_STRIP = NO;
				DEBUG_INFORMATION_FORMAT = "dwarf-with-dsym";
				ENABLE_NS_ASSERTIONS = NO;
				ENABLE_STRICT_OBJC_MSGSEND = YES;
				GCC_C_LANGUAGE_STANDARD = gnu11;
				GCC_NO_COMMON_BLOCKS = YES;
				GCC_WARN_64_TO_32_BIT_CONVERSION = YES;
				GCC_WARN_ABOUT_RETURN_TYPE = YES_ERROR;
				GCC_WARN_UNDECLARED_SELECTOR = YES;
				GCC_WARN_UNINITIALIZED_AUTOS = YES_AGGRESSIVE;
				GCC_WARN_UNUSED_FUNCTION = YES;
				GCC_WARN_UNUSED_VARIABLE = YES;
				IPHONEOS_DEPLOYMENT_TARGET = 13.2;
				MTL_ENABLE_DEBUG_INFO = NO;
				MTL_FAST_MATH = YES;
				SDKROOT = iphoneos;
				SWIFT_COMPILATION_MODE = wholemodule;
				SWIFT_OPTIMIZATION_LEVEL = "-O";
				VALIDATE_PRODUCT = YES;
			};
			name = Release;
		};
		3E82F15423C519F200BFA794 /* Debug */ = {
			isa = XCBuildConfiguration;
			buildSettings = {
				ASSETCATALOG_COMPILER_APPICON_NAME = AppIcon;
				CODE_SIGN_STYLE = Automatic;
				DEVELOPMENT_TEAM = 2H6CKN6S5G;
				INFOPLIST_FILE = GHFollowers/Support/Info.plist;
				LD_RUNPATH_SEARCH_PATHS = (
					"$(inherited)",
					"@executable_path/Frameworks",
				);
				PRODUCT_BUNDLE_IDENTIFIER = com.yauheniprakapenka.GHFollowers;
				PRODUCT_NAME = "$(TARGET_NAME)";
				SWIFT_VERSION = 5.0;
				TARGETED_DEVICE_FAMILY = "1,2";
			};
			name = Debug;
		};
		3E82F15523C519F200BFA794 /* Release */ = {
			isa = XCBuildConfiguration;
			buildSettings = {
				ASSETCATALOG_COMPILER_APPICON_NAME = AppIcon;
				CODE_SIGN_STYLE = Automatic;
				DEVELOPMENT_TEAM = 2H6CKN6S5G;
				INFOPLIST_FILE = GHFollowers/Support/Info.plist;
				LD_RUNPATH_SEARCH_PATHS = (
					"$(inherited)",
					"@executable_path/Frameworks",
				);
				PRODUCT_BUNDLE_IDENTIFIER = com.yauheniprakapenka.GHFollowers;
				PRODUCT_NAME = "$(TARGET_NAME)";
				SWIFT_VERSION = 5.0;
				TARGETED_DEVICE_FAMILY = "1,2";
			};
			name = Release;
		};
/* End XCBuildConfiguration section */

/* Begin XCConfigurationList section */
		3E82F13A23C519F000BFA794 /* Build configuration list for PBXProject "GHFollowers" */ = {
			isa = XCConfigurationList;
			buildConfigurations = (
				3E82F15123C519F200BFA794 /* Debug */,
				3E82F15223C519F200BFA794 /* Release */,
			);
			defaultConfigurationIsVisible = 0;
			defaultConfigurationName = Release;
		};
		3E82F15323C519F200BFA794 /* Build configuration list for PBXNativeTarget "GHFollowers" */ = {
			isa = XCConfigurationList;
			buildConfigurations = (
				3E82F15423C519F200BFA794 /* Debug */,
				3E82F15523C519F200BFA794 /* Release */,
			);
			defaultConfigurationIsVisible = 0;
			defaultConfigurationName = Release;
		};
/* End XCConfigurationList section */
	};
	rootObject = 3E82F13723C519F000BFA794 /* Project object */;
}
